// !$*UTF8*$!
{
	archiveVersion = 1;
	classes = {
	};
	objectVersion = 46;
	objects = {

/* Begin PBXBuildFile section */
		92948A1C1E77218400C7B649 /* AppDelegate.swift in Sources */ = {isa = PBXBuildFile; fileRef = 92948A1B1E77218400C7B649 /* AppDelegate.swift */; };
		92948A1E1E77218400C7B649 /* ViewController.swift in Sources */ = {isa = PBXBuildFile; fileRef = 92948A1D1E77218400C7B649 /* ViewController.swift */; };
		92948A211E77218400C7B649 /* Main.storyboard in Resources */ = {isa = PBXBuildFile; fileRef = 92948A1F1E77218400C7B649 /* Main.storyboard */; };
		92948A231E77218400C7B649 /* Assets.xcassets in Resources */ = {isa = PBXBuildFile; fileRef = 92948A221E77218400C7B649 /* Assets.xcassets */; };
		92948A261E77218400C7B649 /* LaunchScreen.storyboard in Resources */ = {isa = PBXBuildFile; fileRef = 92948A241E77218400C7B649 /* LaunchScreen.storyboard */; };
		92948A2F1E7721E800C7B649 /* FaceView.swift in Sources */ = {isa = PBXBuildFile; fileRef = 92948A2E1E7721E800C7B649 /* FaceView.swift */; };
		92948A311E79B00400C7B649 /* FacialExpression.swift in Sources */ = {isa = PBXBuildFile; fileRef = 92948A301E79B00400C7B649 /* FacialExpression.swift */; };
/* End PBXBuildFile section */

/* Begin PBXFileReference section */
		92948A181E77218400C7B649 /* FaceIt.app */ = {isa = PBXFileReference; explicitFileType = wrapper.application; includeInIndex = 0; path = FaceIt.app; sourceTree = BUILT_PRODUCTS_DIR; };
		92948A1B1E77218400C7B649 /* AppDelegate.swift */ = {isa = PBXFileReference; lastKnownFileType = sourcecode.swift; path = AppDelegate.swift; sourceTree = "<group>"; };
		92948A1D1E77218400C7B649 /* ViewController.swift */ = {isa = PBXFileReference; lastKnownFileType = sourcecode.swift; path = ViewController.swift; sourceTree = "<group>"; };
		92948A201E77218400C7B649 /* Base */ = {isa = PBXFileReference; lastKnownFileType = file.storyboard; name = Base; path = Base.lproj/Main.storyboard; sourceTree = "<group>"; };
		92948A221E77218400C7B649 /* Assets.xcassets */ = {isa = PBXFileReference; lastKnownFileType = folder.assetcatalog; path = Assets.xcassets; sourceTree = "<group>"; };
		92948A251E77218400C7B649 /* Base */ = {isa = PBXFileReference; lastKnownFileType = file.storyboard; name = Base; path = Base.lproj/LaunchScreen.storyboard; sourceTree = "<group>"; };
		92948A271E77218400C7B649 /* Info.plist */ = {isa = PBXFileReference; lastKnownFileType = text.plist.xml; path = Info.plist; sourceTree = "<group>"; };
		92948A2E1E7721E800C7B649 /* FaceView.swift */ = {isa = PBXFileReference; fileEncoding = 4; lastKnownFileType = sourcecode.swift; path = FaceView.swift; sourceTree = "<group>"; };
		92948A301E79B00400C7B649 /* FacialExpression.swift */ = {isa = PBXFileReference; fileEncoding = 4; lastKnownFileType = sourcecode.swift; path = FacialExpression.swift; sourceTree = "<group>"; };
/* End PBXFileReference section */

/* Begin PBXFrameworksBuildPhase section */
		92948A151E77218400C7B649 /* Frameworks */ = {
			isa = PBXFrameworksBuildPhase;
			buildActionMask = 2147483647;
			files = (
			);
			runOnlyForDeploymentPostprocessing = 0;
		};
/* End PBXFrameworksBuildPhase section */

/* Begin PBXGroup section */
		92948A0F1E77218400C7B649 = {
			isa = PBXGroup;
			children = (
				92948A1A1E77218400C7B649 /* FaceIt */,
				92948A191E77218400C7B649 /* Products */,
			);
			sourceTree = "<group>";
		};
		92948A191E77218400C7B649 /* Products */ = {
			isa = PBXGroup;
			children = (
				92948A181E77218400C7B649 /* FaceIt.app */,
			);
			name = Products;
			sourceTree = "<group>";
		};
		92948A1A1E77218400C7B649 /* FaceIt */ = {
			isa = PBXGroup;
			children = (
				92948A2D1E77219400C7B649 /* Supporting Files */,
				92948A1D1E77218400C7B649 /* ViewController.swift */,
				92948A2E1E7721E800C7B649 /* FaceView.swift */,
				92948A1F1E77218400C7B649 /* Main.storyboard */,
				92948A301E79B00400C7B649 /* FacialExpression.swift */,
			);
			path = FaceIt;
			sourceTree = "<group>";
		};
		92948A2D1E77219400C7B649 /* Supporting Files */ = {
			isa = PBXGroup;
			children = (
				92948A1B1E77218400C7B649 /* AppDelegate.swift */,
				92948A221E77218400C7B649 /* Assets.xcassets */,
				92948A241E77218400C7B649 /* LaunchScreen.storyboard */,
				92948A271E77218400C7B649 /* Info.plist */,
			);
			name = "Supporting Files";
			sourceTree = "<group>";
		};
/* End PBXGroup section */

/* Begin PBXNativeTarget section */
		92948A171E77218400C7B649 /* FaceIt */ = {
			isa = PBXNativeTarget;
			buildConfigurationList = 92948A2A1E77218400C7B649 /* Build configuration list for PBXNativeTarget "FaceIt" */;
			buildPhases = (
				92948A141E77218400C7B649 /* Sources */,
				92948A151E77218400C7B649 /* Frameworks */,
				92948A161E77218400C7B649 /* Resources */,
			);
			buildRules = (
			);
			dependencies = (
			);
			name = FaceIt;
			productName = FaceIt;
			productReference = 92948A181E77218400C7B649 /* FaceIt.app */;
			productType = "com.apple.product-type.application";
		};
/* End PBXNativeTarget section */

/* Begin PBXProject section */
		92948A101E77218400C7B649 /* Project object */ = {
			isa = PBXProject;
			attributes = {
				LastSwiftUpdateCheck = 0820;
				LastUpgradeCheck = 0820;
				ORGANIZATIONNAME = "Vladimir Burmistrovich";
				TargetAttributes = {
					92948A171E77218400C7B649 = {
						CreatedOnToolsVersion = 8.2.1;
						DevelopmentTeam = 7B6BJ8WR9X;
						ProvisioningStyle = Automatic;
					};
				};
			};
			buildConfigurationList = 92948A131E77218400C7B649 /* Build configuration list for PBXProject "FaceIt" */;
			compatibilityVersion = "Xcode 3.2";
			developmentRegion = English;
			hasScannedForEncodings = 0;
			knownRegions = (
				en,
				Base,
			);
			mainGroup = 92948A0F1E77218400C7B649;
			productRefGroup = 92948A191E77218400C7B649 /* Products */;
			projectDirPath = "";
			projectRoot = "";
			targets = (
				92948A171E77218400C7B649 /* FaceIt */,
			);
		};
/* End PBXProject section */

/* Begin PBXResourcesBuildPhase section */
		92948A161E77218400C7B649 /* Resources */ = {
			isa = PBXResourcesBuildPhase;
			buildActionMask = 2147483647;
			files = (
				92948A261E77218400C7B649 /* LaunchScreen.storyboard in Resources */,
				92948A231E77218400C7B649 /* Assets.xcassets in Resources */,
				92948A211E77218400C7B649 /* Main.storyboard in Resources */,
			);
			runOnlyForDeploymentPostprocessing = 0;
		};
/* End PBXResourcesBuildPhase section */

/* Begin PBXSourcesBuildPhase section */
		92948A141E77218400C7B649 /* Sources */ = {
			isa = PBXSourcesBuildPhase;
			buildActionMask = 2147483647;
			files = (
				92948A1E1E77218400C7B649 /* ViewController.swift in Sources */,
				92948A311E79B00400C7B649 /* FacialExpression.swift in Sources */,
				92948A1C1E77218400C7B649 /* AppDelegate.swift in Sources */,
				92948A2F1E7721E800C7B649 /* FaceView.swift in Sources */,
			);
			runOnlyForDeploymentPostprocessing = 0;
		};
/* End PBXSourcesBuildPhase section */

/* Begin PBXVariantGroup section */
		92948A1F1E77218400C7B649 /* Main.storyboard */ = {
			isa = PBXVariantGroup;
			children = (
				92948A201E77218400C7B649 /* Base */,
			);
			name = Main.storyboard;
			sourceTree = "<group>";
		};
		92948A241E77218400C7B649 /* LaunchScreen.storyboard */ = {
			isa = PBXVariantGroup;
			children = (
				92948A251E77218400C7B649 /* Base */,
			);
			name = LaunchScreen.storyboard;
			sourceTree = "<group>";
		};
/* End PBXVariantGroup section */

/* Begin XCBuildConfiguration section */
		92948A281E77218400C7B649 /* Debug */ = {
			isa = XCBuildConfiguration;
			buildSettings = {
				ALWAYS_SEARCH_USER_PATHS = NO;
				CLANG_ANALYZER_NONNULL = YES;
				CLANG_CXX_LANGUAGE_STANDARD = "gnu++0x";
				CLANG_CXX_LIBRARY = "libc++";
				CLANG_ENABLE_MODULES = YES;
				CLANG_ENABLE_OBJC_ARC = YES;
				CLANG_WARN_BOOL_CONVERSION = YES;
				CLANG_WARN_CONSTANT_CONVERSION = YES;
				CLANG_WARN_DIRECT_OBJC_ISA_USAGE = YES_ERROR;
				CLANG_WARN_DOCUMENTATION_COMMENTS = YES;
				CLANG_WARN_EMPTY_BODY = YES;
				CLANG_WARN_ENUM_CONVERSION = YES;
				CLANG_WARN_INFINITE_RECURSION = YES;
				CLANG_WARN_INT_CONVERSION = YES;
				CLANG_WARN_OBJC_ROOT_CLASS = YES_ERROR;
				CLANG_WARN_SUSPICIOUS_MOVE = YES;
				CLANG_WARN_UNREACHABLE_CODE = YES;
				CLANG_WARN__DUPLICATE_METHOD_MATCH = YES;
				"CODE_SIGN_IDENTITY[sdk=iphoneos*]" = "iPhone Developer";
				COPY_PHASE_STRIP = NO;
				DEBUG_INFORMATION_FORMAT = dwarf;
				ENABLE_STRICT_OBJC_MSGSEND = YES;
				ENABLE_TESTABILITY = YES;
				GCC_C_LANGUAGE_STANDARD = gnu99;
				GCC_DYNAMIC_NO_PIC = NO;
				GCC_NO_COMMON_BLOCKS = YES;
				GCC_OPTIMIZATION_LEVEL = 0;
				GCC_PREPROCESSOR_DEFINITIONS = (
					"DEBUG=1",
					"$(inherited)",
				);
				GCC_WARN_64_TO_32_BIT_CONVERSION = YES;
				GCC_WARN_ABOUT_RETURN_TYPE = YES_ERROR;
				GCC_WARN_UNDECLARED_SELECTOR = YES;
				GCC_WARN_UNINITIALIZED_AUTOS = YES_AGGRESSIVE;
				GCC_WARN_UNUSED_FUNCTION = YES;
				GCC_WARN_UNUSED_VARIABLE = YES;
				IPHONEOS_DEPLOYMENT_TARGET = 10.2;
				MTL_ENABLE_DEBUG_INFO = YES;
				ONLY_ACTIVE_ARCH = YES;
				SDKROOT = iphoneos;
				SWIFT_ACTIVE_COMPILATION_CONDITIONS = DEBUG;
				SWIFT_OPTIMIZATION_LEVEL = "-Onone";
				TARGETED_DEVICE_FAMILY = "1,2";
			};
			name = Debug;
		};
		92948A291E77218400C7B649 /* Release */ = {
			isa = XCBuildConfiguration;
			buildSettings = {
				ALWAYS_SEARCH_USER_PATHS = NO;
				CLANG_ANALYZER_NONNULL = YES;
				CLANG_CXX_LANGUAGE_STANDARD = "gnu++0x";
				CLANG_CXX_LIBRARY = "libc++";
				CLANG_ENABLE_MODULES = YES;
				CLANG_ENABLE_OBJC_ARC = YES;
				CLANG_WARN_BOOL_CONVERSION = YES;
				CLANG_WARN_CONSTANT_CONVERSION = YES;
				CLANG_WARN_DIRECT_OBJC_ISA_USAGE = YES_ERROR;
				CLANG_WARN_DOCUMENTATION_COMMENTS = YES;
				CLANG_WARN_EMPTY_BODY = YES;
				CLANG_WARN_ENUM_CONVERSION = YES;
				CLANG_WARN_INFINITE_RECURSION = YES;
				CLANG_WARN_INT_CONVERSION = YES;
				CLANG_WARN_OBJC_ROOT_CLASS = YES_ERROR;
				CLANG_WARN_SUSPICIOUS_MOVE = YES;
				CLANG_WARN_UNREACHABLE_CODE = YES;
				CLANG_WARN__DUPLICATE_METHOD_MATCH = YES;
				"CODE_SIGN_IDENTITY[sdk=iphoneos*]" = "iPhone Developer";
				COPY_PHASE_STRIP = NO;
				DEBUG_INFORMATION_FORMAT = "dwarf-with-dsym";
				ENABLE_NS_ASSERTIONS = NO;
				ENABLE_STRICT_OBJC_MSGSEND = YES;
				GCC_C_LANGUAGE_STANDARD = gnu99;
				GCC_NO_COMMON_BLOCKS = YES;
				GCC_WARN_64_TO_32_BIT_CONVERSION = YES;
				GCC_WARN_ABOUT_RETURN_TYPE = YES_ERROR;
				GCC_WARN_UNDECLARED_SELECTOR = YES;
				GCC_WARN_UNINITIALIZED_AUTOS = YES_AGGRESSIVE;
				GCC_WARN_UNUSED_FUNCTION = YES;
				GCC_WARN_UNUSED_VARIABLE = YES;
				IPHONEOS_DEPLOYMENT_TARGET = 10.2;
				MTL_ENABLE_DEBUG_INFO = NO;
				SDKROOT = iphoneos;
				SWIFT_OPTIMIZATION_LEVEL = "-Owholemodule";
				TARGETED_DEVICE_FAMILY = "1,2";
				VALIDATE_PRODUCT = YES;
			};
			name = Release;
		};
		92948A2B1E77218400C7B649 /* Debug */ = {
			isa = XCBuildConfiguration;
			buildSettings = {
				ASSETCATALOG_COMPILER_APPICON_NAME = AppIcon;
				DEVELOPMENT_TEAM = 7B6BJ8WR9X;
				INFOPLIST_FILE = FaceIt/Info.plist;
				LD_RUNPATH_SEARCH_PATHS = "$(inherited) @executable_path/Frameworks";
				PRODUCT_BUNDLE_IDENTIFIER = com.burmistrovich.FaceIt;
				PRODUCT_NAME = "$(TARGET_NAME)";
				SWIFT_VERSION = 3.0;
			};
			name = Debug;
		};
		92948A2C1E77218400C7B649 /* Release */ = {
			isa = XCBuildConfiguration;
			buildSettings = {
				ASSETCATALOG_COMPILER_APPICON_NAME = AppIcon;
				DEVELOPMENT_TEAM = 7B6BJ8WR9X;
				INFOPLIST_FILE = FaceIt/Info.plist;
				LD_RUNPATH_SEARCH_PATHS = "$(inherited) @executable_path/Frameworks";
				PRODUCT_BUNDLE_IDENTIFIER = com.burmistrovich.FaceIt;
				PRODUCT_NAME = "$(TARGET_NAME)";
				SWIFT_VERSION = 3.0;
			};
			name = Release;
		};
/* End XCBuildConfiguration section */

/* Begin XCConfigurationList section */
		92948A131E77218400C7B649 /* Build configuration list for PBXProject "FaceIt" */ = {
			isa = XCConfigurationList;
			buildConfigurations = (
				92948A281E77218400C7B649 /* Debug */,
				92948A291E77218400C7B649 /* Release */,
			);
			defaultConfigurationIsVisible = 0;
			defaultConfigurationName = Release;
		};
		92948A2A1E77218400C7B649 /* Build configuration list for PBXNativeTarget "FaceIt" */ = {
			isa = XCConfigurationList;
			buildConfigurations = (
				92948A2B1E77218400C7B649 /* Debug */,
				92948A2C1E77218400C7B649 /* Release */,
			);
			defaultConfigurationIsVisible = 0;
		};
/* End XCConfigurationList section */
	};
	rootObject = 92948A101E77218400C7B649 /* Project object */;
}
